// !$*UTF8*$!
{
	archiveVersion = 1;
	classes = {
	};
	objectVersion = 50;
	objects = {

/* Begin PBXBuildFile section */
		4C1E1981246F0D370048D42E /* AppDelegate.swift in Sources */ = {isa = PBXBuildFile; fileRef = 4C1E1980246F0D370048D42E /* AppDelegate.swift */; };
		4C1E1983246F0D370048D42E /* SceneDelegate.swift in Sources */ = {isa = PBXBuildFile; fileRef = 4C1E1982246F0D370048D42E /* SceneDelegate.swift */; };
		4C1E1985246F0D370048D42E /* ViewController.swift in Sources */ = {isa = PBXBuildFile; fileRef = 4C1E1984246F0D370048D42E /* ViewController.swift */; };
		4C1E1988246F0D370048D42E /* Main.storyboard in Resources */ = {isa = PBXBuildFile; fileRef = 4C1E1986246F0D370048D42E /* Main.storyboard */; };
		4C1E198A246F0D3C0048D42E /* Assets.xcassets in Resources */ = {isa = PBXBuildFile; fileRef = 4C1E1989246F0D3C0048D42E /* Assets.xcassets */; };
		4C1E198D246F0D3C0048D42E /* LaunchScreen.storyboard in Resources */ = {isa = PBXBuildFile; fileRef = 4C1E198B246F0D3C0048D42E /* LaunchScreen.storyboard */; };
		4C1E1998246F0D3D0048D42E /* DicodingAppsTests.swift in Sources */ = {isa = PBXBuildFile; fileRef = 4C1E1997246F0D3D0048D42E /* DicodingAppsTests.swift */; };
		4C1E19A3246F0D3D0048D42E /* DicodingAppsUITests.swift in Sources */ = {isa = PBXBuildFile; fileRef = 4C1E19A2246F0D3D0048D42E /* DicodingAppsUITests.swift */; };
/* End PBXBuildFile section */

/* Begin PBXContainerItemProxy section */
		4C1E1994246F0D3D0048D42E /* PBXContainerItemProxy */ = {
			isa = PBXContainerItemProxy;
			containerPortal = 4C1E1975246F0D360048D42E /* Project object */;
			proxyType = 1;
			remoteGlobalIDString = 4C1E197C246F0D370048D42E;
			remoteInfo = DicodingApps;
		};
		4C1E199F246F0D3D0048D42E /* PBXContainerItemProxy */ = {
			isa = PBXContainerItemProxy;
			containerPortal = 4C1E1975246F0D360048D42E /* Project object */;
			proxyType = 1;
			remoteGlobalIDString = 4C1E197C246F0D370048D42E;
			remoteInfo = DicodingApps;
		};
/* End PBXContainerItemProxy section */

/* Begin PBXFileReference section */
		4C1E197D246F0D370048D42E /* DicodingApps.app */ = {isa = PBXFileReference; explicitFileType = wrapper.application; includeInIndex = 0; path = DicodingApps.app; sourceTree = BUILT_PRODUCTS_DIR; };
		4C1E1980246F0D370048D42E /* AppDelegate.swift */ = {isa = PBXFileReference; lastKnownFileType = sourcecode.swift; path = AppDelegate.swift; sourceTree = "<group>"; };
		4C1E1982246F0D370048D42E /* SceneDelegate.swift */ = {isa = PBXFileReference; lastKnownFileType = sourcecode.swift; path = SceneDelegate.swift; sourceTree = "<group>"; };
		4C1E1984246F0D370048D42E /* ViewController.swift */ = {isa = PBXFileReference; lastKnownFileType = sourcecode.swift; path = ViewController.swift; sourceTree = "<group>"; };
		4C1E1987246F0D370048D42E /* Base */ = {isa = PBXFileReference; lastKnownFileType = file.storyboard; name = Base; path = Base.lproj/Main.storyboard; sourceTree = "<group>"; };
		4C1E1989246F0D3C0048D42E /* Assets.xcassets */ = {isa = PBXFileReference; lastKnownFileType = folder.assetcatalog; path = Assets.xcassets; sourceTree = "<group>"; };
		4C1E198C246F0D3C0048D42E /* Base */ = {isa = PBXFileReference; lastKnownFileType = file.storyboard; name = Base; path = Base.lproj/LaunchScreen.storyboard; sourceTree = "<group>"; };
		4C1E198E246F0D3C0048D42E /* Info.plist */ = {isa = PBXFileReference; lastKnownFileType = text.plist.xml; path = Info.plist; sourceTree = "<group>"; };
		4C1E1993246F0D3D0048D42E /* DicodingAppsTests.xctest */ = {isa = PBXFileReference; explicitFileType = wrapper.cfbundle; includeInIndex = 0; path = DicodingAppsTests.xctest; sourceTree = BUILT_PRODUCTS_DIR; };
		4C1E1997246F0D3D0048D42E /* DicodingAppsTests.swift */ = {isa = PBXFileReference; lastKnownFileType = sourcecode.swift; path = DicodingAppsTests.swift; sourceTree = "<group>"; };
		4C1E1999246F0D3D0048D42E /* Info.plist */ = {isa = PBXFileReference; lastKnownFileType = text.plist.xml; path = Info.plist; sourceTree = "<group>"; };
		4C1E199E246F0D3D0048D42E /* DicodingAppsUITests.xctest */ = {isa = PBXFileReference; explicitFileType = wrapper.cfbundle; includeInIndex = 0; path = DicodingAppsUITests.xctest; sourceTree = BUILT_PRODUCTS_DIR; };
		4C1E19A2246F0D3D0048D42E /* DicodingAppsUITests.swift */ = {isa = PBXFileReference; lastKnownFileType = sourcecode.swift; path = DicodingAppsUITests.swift; sourceTree = "<group>"; };
		4C1E19A4246F0D3D0048D42E /* Info.plist */ = {isa = PBXFileReference; lastKnownFileType = text.plist.xml; path = Info.plist; sourceTree = "<group>"; };
/* End PBXFileReference section */

/* Begin PBXFrameworksBuildPhase section */
		4C1E197A246F0D370048D42E /* Frameworks */ = {
			isa = PBXFrameworksBuildPhase;
			buildActionMask = 2147483647;
			files = (
			);
			runOnlyForDeploymentPostprocessing = 0;
		};
		4C1E1990246F0D3D0048D42E /* Frameworks */ = {
			isa = PBXFrameworksBuildPhase;
			buildActionMask = 2147483647;
			files = (
			);
			runOnlyForDeploymentPostprocessing = 0;
		};
		4C1E199B246F0D3D0048D42E /* Frameworks */ = {
			isa = PBXFrameworksBuildPhase;
			buildActionMask = 2147483647;
			files = (
			);
			runOnlyForDeploymentPostprocessing = 0;
		};
/* End PBXFrameworksBuildPhase section */

/* Begin PBXGroup section */
		4C1E1974246F0D360048D42E = {
			isa = PBXGroup;
			children = (
				4C1E197F246F0D370048D42E /* DicodingApps */,
				4C1E1996246F0D3D0048D42E /* DicodingAppsTests */,
				4C1E19A1246F0D3D0048D42E /* DicodingAppsUITests */,
				4C1E197E246F0D370048D42E /* Products */,
			);
			sourceTree = "<group>";
		};
		4C1E197E246F0D370048D42E /* Products */ = {
			isa = PBXGroup;
			children = (
				4C1E197D246F0D370048D42E /* DicodingApps.app */,
				4C1E1993246F0D3D0048D42E /* DicodingAppsTests.xctest */,
				4C1E199E246F0D3D0048D42E /* DicodingAppsUITests.xctest */,
			);
			name = Products;
			sourceTree = "<group>";
		};
		4C1E197F246F0D370048D42E /* DicodingApps */ = {
			isa = PBXGroup;
			children = (
				4C1E1980246F0D370048D42E /* AppDelegate.swift */,
				4C1E1982246F0D370048D42E /* SceneDelegate.swift */,
				4C1E1984246F0D370048D42E /* ViewController.swift */,
				4C1E1986246F0D370048D42E /* Main.storyboard */,
				4C1E1989246F0D3C0048D42E /* Assets.xcassets */,
				4C1E198B246F0D3C0048D42E /* LaunchScreen.storyboard */,
				4C1E198E246F0D3C0048D42E /* Info.plist */,
			);
			path = DicodingApps;
			sourceTree = "<group>";
		};
		4C1E1996246F0D3D0048D42E /* DicodingAppsTests */ = {
			isa = PBXGroup;
			children = (
				4C1E1997246F0D3D0048D42E /* DicodingAppsTests.swift */,
				4C1E1999246F0D3D0048D42E /* Info.plist */,
			);
			path = DicodingAppsTests;
			sourceTree = "<group>";
		};
		4C1E19A1246F0D3D0048D42E /* DicodingAppsUITests */ = {
			isa = PBXGroup;
			children = (
				4C1E19A2246F0D3D0048D42E /* DicodingAppsUITests.swift */,
				4C1E19A4246F0D3D0048D42E /* Info.plist */,
			);
			path = DicodingAppsUITests;
			sourceTree = "<group>";
		};
/* End PBXGroup section */

/* Begin PBXNativeTarget section */
		4C1E197C246F0D370048D42E /* DicodingApps */ = {
			isa = PBXNativeTarget;
			buildConfigurationList = 4C1E19A7246F0D3D0048D42E /* Build configuration list for PBXNativeTarget "DicodingApps" */;
			buildPhases = (
				4C1E1979246F0D370048D42E /* Sources */,
				4C1E197A246F0D370048D42E /* Frameworks */,
				4C1E197B246F0D370048D42E /* Resources */,
			);
			buildRules = (
			);
			dependencies = (
			);
			name = DicodingApps;
			productName = DicodingApps;
			productReference = 4C1E197D246F0D370048D42E /* DicodingApps.app */;
			productType = "com.apple.product-type.application";
		};
		4C1E1992246F0D3D0048D42E /* DicodingAppsTests */ = {
			isa = PBXNativeTarget;
			buildConfigurationList = 4C1E19AA246F0D3D0048D42E /* Build configuration list for PBXNativeTarget "DicodingAppsTests" */;
			buildPhases = (
				4C1E198F246F0D3D0048D42E /* Sources */,
				4C1E1990246F0D3D0048D42E /* Frameworks */,
				4C1E1991246F0D3D0048D42E /* Resources */,
			);
			buildRules = (
			);
			dependencies = (
				4C1E1995246F0D3D0048D42E /* PBXTargetDependency */,
			);
			name = DicodingAppsTests;
			productName = DicodingAppsTests;
			productReference = 4C1E1993246F0D3D0048D42E /* DicodingAppsTests.xctest */;
			productType = "com.apple.product-type.bundle.unit-test";
		};
		4C1E199D246F0D3D0048D42E /* DicodingAppsUITests */ = {
			isa = PBXNativeTarget;
			buildConfigurationList = 4C1E19AD246F0D3D0048D42E /* Build configuration list for PBXNativeTarget "DicodingAppsUITests" */;
			buildPhases = (
				4C1E199A246F0D3D0048D42E /* Sources */,
				4C1E199B246F0D3D0048D42E /* Frameworks */,
				4C1E199C246F0D3D0048D42E /* Resources */,
			);
			buildRules = (
			);
			dependencies = (
				4C1E19A0246F0D3D0048D42E /* PBXTargetDependency */,
			);
			name = DicodingAppsUITests;
			productName = DicodingAppsUITests;
			productReference = 4C1E199E246F0D3D0048D42E /* DicodingAppsUITests.xctest */;
			productType = "com.apple.product-type.bundle.ui-testing";
		};
/* End PBXNativeTarget section */

/* Begin PBXProject section */
		4C1E1975246F0D360048D42E /* Project object */ = {
			isa = PBXProject;
			attributes = {
				LastSwiftUpdateCheck = 1140;
				LastUpgradeCheck = 1140;
				ORGANIZATIONNAME = "Dicoding Indonesia";
				TargetAttributes = {
					4C1E197C246F0D370048D42E = {
						CreatedOnToolsVersion = 11.4.1;
					};
					4C1E1992246F0D3D0048D42E = {
						CreatedOnToolsVersion = 11.4.1;
						TestTargetID = 4C1E197C246F0D370048D42E;
					};
					4C1E199D246F0D3D0048D42E = {
						CreatedOnToolsVersion = 11.4.1;
						TestTargetID = 4C1E197C246F0D370048D42E;
					};
				};
			};
			buildConfigurationList = 4C1E1978246F0D370048D42E /* Build configuration list for PBXProject "DicodingApps" */;
			compatibilityVersion = "Xcode 9.3";
			developmentRegion = en;
			hasScannedForEncodings = 0;
			knownRegions = (
				en,
				Base,
			);
			mainGroup = 4C1E1974246F0D360048D42E;
			productRefGroup = 4C1E197E246F0D370048D42E /* Products */;
			projectDirPath = "";
			projectRoot = "";
			targets = (
				4C1E197C246F0D370048D42E /* DicodingApps */,
				4C1E1992246F0D3D0048D42E /* DicodingAppsTests */,
				4C1E199D246F0D3D0048D42E /* DicodingAppsUITests */,
			);
		};
/* End PBXProject section */

/* Begin PBXResourcesBuildPhase section */
		4C1E197B246F0D370048D42E /* Resources */ = {
			isa = PBXResourcesBuildPhase;
			buildActionMask = 2147483647;
			files = (
				4C1E198D246F0D3C0048D42E /* LaunchScreen.storyboard in Resources */,
				4C1E198A246F0D3C0048D42E /* Assets.xcassets in Resources */,
				4C1E1988246F0D370048D42E /* Main.storyboard in Resources */,
			);
			runOnlyForDeploymentPostprocessing = 0;
		};
		4C1E1991246F0D3D0048D42E /* Resources */ = {
			isa = PBXResourcesBuildPhase;
			buildActionMask = 2147483647;
			files = (
			);
			runOnlyForDeploymentPostprocessing = 0;
		};
		4C1E199C246F0D3D0048D42E /* Resources */ = {
			isa = PBXResourcesBuildPhase;
			buildActionMask = 2147483647;
			files = (
			);
			runOnlyForDeploymentPostprocessing = 0;
		};
/* End PBXResourcesBuildPhase section */

/* Begin PBXSourcesBuildPhase section */
		4C1E1979246F0D370048D42E /* Sources */ = {
			isa = PBXSourcesBuildPhase;
			buildActionMask = 2147483647;
			files = (
				4C1E1985246F0D370048D42E /* ViewController.swift in Sources */,
				4C1E1981246F0D370048D42E /* AppDelegate.swift in Sources */,
				4C1E1983246F0D370048D42E /* SceneDelegate.swift in Sources */,
			);
			runOnlyForDeploymentPostprocessing = 0;
		};
		4C1E198F246F0D3D0048D42E /* Sources */ = {
			isa = PBXSourcesBuildPhase;
			buildActionMask = 2147483647;
			files = (
				4C1E1998246F0D3D0048D42E /* DicodingAppsTests.swift in Sources */,
			);
			runOnlyForDeploymentPostprocessing = 0;
		};
		4C1E199A246F0D3D0048D42E /* Sources */ = {
			isa = PBXSourcesBuildPhase;
			buildActionMask = 2147483647;
			files = (
				4C1E19A3246F0D3D0048D42E /* DicodingAppsUITests.swift in Sources */,
			);
			runOnlyForDeploymentPostprocessing = 0;
		};
/* End PBXSourcesBuildPhase section */

/* Begin PBXTargetDependency section */
		4C1E1995246F0D3D0048D42E /* PBXTargetDependency */ = {
			isa = PBXTargetDependency;
			target = 4C1E197C246F0D370048D42E /* DicodingApps */;
			targetProxy = 4C1E1994246F0D3D0048D42E /* PBXContainerItemProxy */;
		};
		4C1E19A0246F0D3D0048D42E /* PBXTargetDependency */ = {
			isa = PBXTargetDependency;
			target = 4C1E197C246F0D370048D42E /* DicodingApps */;
			targetProxy = 4C1E199F246F0D3D0048D42E /* PBXContainerItemProxy */;
		};
/* End PBXTargetDependency section */

/* Begin PBXVariantGroup section */
		4C1E1986246F0D370048D42E /* Main.storyboard */ = {
			isa = PBXVariantGroup;
			children = (
				4C1E1987246F0D370048D42E /* Base */,
			);
			name = Main.storyboard;
			sourceTree = "<group>";
		};
		4C1E198B246F0D3C0048D42E /* LaunchScreen.storyboard */ = {
			isa = PBXVariantGroup;
			children = (
				4C1E198C246F0D3C0048D42E /* Base */,
			);
			name = LaunchScreen.storyboard;
			sourceTree = "<group>";
		};
/* End PBXVariantGroup section */

/* Begin XCBuildConfiguration section */
		4C1E19A5246F0D3D0048D42E /* Debug */ = {
			isa = XCBuildConfiguration;
			buildSettings = {
				ALWAYS_SEARCH_USER_PATHS = NO;
				CLANG_ANALYZER_NONNULL = YES;
				CLANG_ANALYZER_NUMBER_OBJECT_CONVERSION = YES_AGGRESSIVE;
				CLANG_CXX_LANGUAGE_STANDARD = "gnu++14";
				CLANG_CXX_LIBRARY = "libc++";
				CLANG_ENABLE_MODULES = YES;
				CLANG_ENABLE_OBJC_ARC = YES;
				CLANG_ENABLE_OBJC_WEAK = YES;
				CLANG_WARN_BLOCK_CAPTURE_AUTORELEASING = YES;
				CLANG_WARN_BOOL_CONVERSION = YES;
				CLANG_WARN_COMMA = YES;
				CLANG_WARN_CONSTANT_CONVERSION = YES;
				CLANG_WARN_DEPRECATED_OBJC_IMPLEMENTATIONS = YES;
				CLANG_WARN_DIRECT_OBJC_ISA_USAGE = YES_ERROR;
				CLANG_WARN_DOCUMENTATION_COMMENTS = YES;
				CLANG_WARN_EMPTY_BODY = YES;
				CLANG_WARN_ENUM_CONVERSION = YES;
				CLANG_WARN_INFINITE_RECURSION = YES;
				CLANG_WARN_INT_CONVERSION = YES;
				CLANG_WARN_NON_LITERAL_NULL_CONVERSION = YES;
				CLANG_WARN_OBJC_IMPLICIT_RETAIN_SELF = YES;
				CLANG_WARN_OBJC_LITERAL_CONVERSION = YES;
				CLANG_WARN_OBJC_ROOT_CLASS = YES_ERROR;
				CLANG_WARN_RANGE_LOOP_ANALYSIS = YES;
				CLANG_WARN_STRICT_PROTOTYPES = YES;
				CLANG_WARN_SUSPICIOUS_MOVE = YES;
				CLANG_WARN_UNGUARDED_AVAILABILITY = YES_AGGRESSIVE;
				CLANG_WARN_UNREACHABLE_CODE = YES;
				CLANG_WARN__DUPLICATE_METHOD_MATCH = YES;
				COPY_PHASE_STRIP = NO;
				DEBUG_INFORMATION_FORMAT = dwarf;
				ENABLE_STRICT_OBJC_MSGSEND = YES;
				ENABLE_TESTABILITY = YES;
				GCC_C_LANGUAGE_STANDARD = gnu11;
				GCC_DYNAMIC_NO_PIC = NO;
				GCC_NO_COMMON_BLOCKS = YES;
				GCC_OPTIMIZATION_LEVEL = 0;
				GCC_PREPROCESSOR_DEFINITIONS = (
					"DEBUG=1",
					"$(inherited)",
				);
				GCC_WARN_64_TO_32_BIT_CONVERSION = YES;
				GCC_WARN_ABOUT_RETURN_TYPE = YES_ERROR;
				GCC_WARN_UNDECLARED_SELECTOR = YES;
				GCC_WARN_UNINITIALIZED_AUTOS = YES_AGGRESSIVE;
				GCC_WARN_UNUSED_FUNCTION = YES;
				GCC_WARN_UNUSED_VARIABLE = YES;
				IPHONEOS_DEPLOYMENT_TARGET = 13.4;
				MTL_ENABLE_DEBUG_INFO = INCLUDE_SOURCE;
				MTL_FAST_MATH = YES;
				ONLY_ACTIVE_ARCH = YES;
				SDKROOT = iphoneos;
				SWIFT_ACTIVE_COMPILATION_CONDITIONS = DEBUG;
				SWIFT_OPTIMIZATION_LEVEL = "-Onone";
			};
			name = Debug;
		};
		4C1E19A6246F0D3D0048D42E /* Release */ = {
			isa = XCBuildConfiguration;
			buildSettings = {
				ALWAYS_SEARCH_USER_PATHS = NO;
				CLANG_ANALYZER_NONNULL = YES;
				CLANG_ANALYZER_NUMBER_OBJECT_CONVERSION = YES_AGGRESSIVE;
				CLANG_CXX_LANGUAGE_STANDARD = "gnu++14";
				CLANG_CXX_LIBRARY = "libc++";
				CLANG_ENABLE_MODULES = YES;
				CLANG_ENABLE_OBJC_ARC = YES;
				CLANG_ENABLE_OBJC_WEAK = YES;
				CLANG_WARN_BLOCK_CAPTURE_AUTORELEASING = YES;
				CLANG_WARN_BOOL_CONVERSION = YES;
				CLANG_WARN_COMMA = YES;
				CLANG_WARN_CONSTANT_CONVERSION = YES;
				CLANG_WARN_DEPRECATED_OBJC_IMPLEMENTATIONS = YES;
				CLANG_WARN_DIRECT_OBJC_ISA_USAGE = YES_ERROR;
				CLANG_WARN_DOCUMENTATION_COMMENTS = YES;
				CLANG_WARN_EMPTY_BODY = YES;
				CLANG_WARN_ENUM_CONVERSION = YES;
				CLANG_WARN_INFINITE_RECURSION = YES;
				CLANG_WARN_INT_CONVERSION = YES;
				CLANG_WARN_NON_LITERAL_NULL_CONVERSION = YES;
				CLANG_WARN_OBJC_IMPLICIT_RETAIN_SELF = YES;
				CLANG_WARN_OBJC_LITERAL_CONVERSION = YES;
				CLANG_WARN_OBJC_ROOT_CLASS = YES_ERROR;
				CLANG_WARN_RANGE_LOOP_ANALYSIS = YES;
				CLANG_WARN_STRICT_PROTOTYPES = YES;
				CLANG_WARN_SUSPICIOUS_MOVE = YES;
				CLANG_WARN_UNGUARDED_AVAILABILITY = YES_AGGRESSIVE;
				CLANG_WARN_UNREACHABLE_CODE = YES;
				CLANG_WARN__DUPLICATE_METHOD_MATCH = YES;
				COPY_PHASE_STRIP = NO;
				DEBUG_INFORMATION_FORMAT = "dwarf-with-dsym";
				ENABLE_NS_ASSERTIONS = NO;
				ENABLE_STRICT_OBJC_MSGSEND = YES;
				GCC_C_LANGUAGE_STANDARD = gnu11;
				GCC_NO_COMMON_BLOCKS = YES;
				GCC_WARN_64_TO_32_BIT_CONVERSION = YES;
				GCC_WARN_ABOUT_RETURN_TYPE = YES_ERROR;
				GCC_WARN_UNDECLARED_SELECTOR = YES;
				GCC_WARN_UNINITIALIZED_AUTOS = YES_AGGRESSIVE;
				GCC_WARN_UNUSED_FUNCTION = YES;
				GCC_WARN_UNUSED_VARIABLE = YES;
				IPHONEOS_DEPLOYMENT_TARGET = 13.4;
				MTL_ENABLE_DEBUG_INFO = NO;
				MTL_FAST_MATH = YES;
				SDKROOT = iphoneos;
				SWIFT_COMPILATION_MODE = wholemodule;
				SWIFT_OPTIMIZATION_LEVEL = "-O";
				VALIDATE_PRODUCT = YES;
			};
			name = Release;
		};
		4C1E19A8246F0D3D0048D42E /* Debug */ = {
			isa = XCBuildConfiguration;
			buildSettings = {
				ASSETCATALOG_COMPILER_APPICON_NAME = AppIcon;
				CODE_SIGN_STYLE = Automatic;
				INFOPLIST_FILE = DicodingApps/Info.plist;
				LD_RUNPATH_SEARCH_PATHS = (
					"$(inherited)",
					"@executable_path/Frameworks",
				);
				PRODUCT_BUNDLE_IDENTIFIER = com.dicoding.academy.DicodingApps;
				PRODUCT_NAME = "$(TARGET_NAME)";
				SWIFT_VERSION = 5.0;
				TARGETED_DEVICE_FAMILY = "1,2";
			};
			name = Debug;
		};
		4C1E19A9246F0D3D0048D42E /* Release */ = {
			isa = XCBuildConfiguration;
			buildSettings = {
				ASSETCATALOG_COMPILER_APPICON_NAME = AppIcon;
				CODE_SIGN_STYLE = Automatic;
				INFOPLIST_FILE = DicodingApps/Info.plist;
				LD_RUNPATH_SEARCH_PATHS = (
					"$(inherited)",
					"@executable_path/Frameworks",
				);
				PRODUCT_BUNDLE_IDENTIFIER = com.dicoding.academy.DicodingApps;
				PRODUCT_NAME = "$(TARGET_NAME)";
				SWIFT_VERSION = 5.0;
				TARGETED_DEVICE_FAMILY = "1,2";
			};
			name = Release;
		};
		4C1E19AB246F0D3D0048D42E /* Debug */ = {
			isa = XCBuildConfiguration;
			buildSettings = {
				ALWAYS_EMBED_SWIFT_STANDARD_LIBRARIES = YES;
				BUNDLE_LOADER = "$(TEST_HOST)";
				CODE_SIGN_STYLE = Automatic;
				INFOPLIST_FILE = DicodingAppsTests/Info.plist;
				IPHONEOS_DEPLOYMENT_TARGET = 13.4;
				LD_RUNPATH_SEARCH_PATHS = (
					"$(inherited)",
					"@executable_path/Frameworks",
					"@loader_path/Frameworks",
				);
				PRODUCT_BUNDLE_IDENTIFIER = com.dicoding.academy.DicodingAppsTests;
				PRODUCT_NAME = "$(TARGET_NAME)";
				SWIFT_VERSION = 5.0;
				TARGETED_DEVICE_FAMILY = "1,2";
				TEST_HOST = "$(BUILT_PRODUCTS_DIR)/DicodingApps.app/DicodingApps";
			};
			name = Debug;
		};
		4C1E19AC246F0D3D0048D42E /* Release */ = {
			isa = XCBuildConfiguration;
			buildSettings = {
				ALWAYS_EMBED_SWIFT_STANDARD_LIBRARIES = YES;
				BUNDLE_LOADER = "$(TEST_HOST)";
				CODE_SIGN_STYLE = Automatic;
				INFOPLIST_FILE = DicodingAppsTests/Info.plist;
				IPHONEOS_DEPLOYMENT_TARGET = 13.4;
				LD_RUNPATH_SEARCH_PATHS = (
					"$(inherited)",
					"@executable_path/Frameworks",
					"@loader_path/Frameworks",
				);
				PRODUCT_BUNDLE_IDENTIFIER = com.dicoding.academy.DicodingAppsTests;
				PRODUCT_NAME = "$(TARGET_NAME)";
				SWIFT_VERSION = 5.0;
				TARGETED_DEVICE_FAMILY = "1,2";
				TEST_HOST = "$(BUILT_PRODUCTS_DIR)/DicodingApps.app/DicodingApps";
			};
			name = Release;
		};
		4C1E19AE246F0D3D0048D42E /* Debug */ = {
			isa = XCBuildConfiguration;
			buildSettings = {
				ALWAYS_EMBED_SWIFT_STANDARD_LIBRARIES = YES;
				CODE_SIGN_STYLE = Automatic;
				INFOPLIST_FILE = DicodingAppsUITests/Info.plist;
				LD_RUNPATH_SEARCH_PATHS = (
					"$(inherited)",
					"@executable_path/Frameworks",
					"@loader_path/Frameworks",
				);
				PRODUCT_BUNDLE_IDENTIFIER = com.dicoding.academy.DicodingAppsUITests;
				PRODUCT_NAME = "$(TARGET_NAME)";
				SWIFT_VERSION = 5.0;
				TARGETED_DEVICE_FAMILY = "1,2";
				TEST_TARGET_NAME = DicodingApps;
			};
			name = Debug;
		};
		4C1E19AF246F0D3D0048D42E /* Release */ = {
			isa = XCBuildConfiguration;
			buildSettings = {
				ALWAYS_EMBED_SWIFT_STANDARD_LIBRARIES = YES;
				CODE_SIGN_STYLE = Automatic;
				INFOPLIST_FILE = DicodingAppsUITests/Info.plist;
				LD_RUNPATH_SEARCH_PATHS = (
					"$(inherited)",
					"@executable_path/Frameworks",
					"@loader_path/Frameworks",
				);
				PRODUCT_BUNDLE_IDENTIFIER = com.dicoding.academy.DicodingAppsUITests;
				PRODUCT_NAME = "$(TARGET_NAME)";
				SWIFT_VERSION = 5.0;
				TARGETED_DEVICE_FAMILY = "1,2";
				TEST_TARGET_NAME = DicodingApps;
			};
			name = Release;
		};
/* End XCBuildConfiguration section */

/* Begin XCConfigurationList section */
		4C1E1978246F0D370048D42E /* Build configuration list for PBXProject "DicodingApps" */ = {
			isa = XCConfigurationList;
			buildConfigurations = (
				4C1E19A5246F0D3D0048D42E /* Debug */,
				4C1E19A6246F0D3D0048D42E /* Release */,
			);
			defaultConfigurationIsVisible = 0;
			defaultConfigurationName = Release;
		};
		4C1E19A7246F0D3D0048D42E /* Build configuration list for PBXNativeTarget "DicodingApps" */ = {
			isa = XCConfigurationList;
			buildConfigurations = (
				4C1E19A8246F0D3D0048D42E /* Debug */,
				4C1E19A9246F0D3D0048D42E /* Release */,
			);
			defaultConfigurationIsVisible = 0;
			defaultConfigurationName = Release;
		};
		4C1E19AA246F0D3D0048D42E /* Build configuration list for PBXNativeTarget "DicodingAppsTests" */ = {
			isa = XCConfigurationList;
			buildConfigurations = (
				4C1E19AB246F0D3D0048D42E /* Debug */,
				4C1E19AC246F0D3D0048D42E /* Release */,
			);
			defaultConfigurationIsVisible = 0;
			defaultConfigurationName = Release;
		};
		4C1E19AD246F0D3D0048D42E /* Build configuration list for PBXNativeTarget "DicodingAppsUITests" */ = {
			isa = XCConfigurationList;
			buildConfigurations = (
				4C1E19AE246F0D3D0048D42E /* Debug */,
				4C1E19AF246F0D3D0048D42E /* Release */,
			);
			defaultConfigurationIsVisible = 0;
			defaultConfigurationName = Release;
		};
/* End XCConfigurationList section */
	};
	rootObject = 4C1E1975246F0D360048D42E /* Project object */;
}
